
Microsoft Visual Studio Solution File, Format Version 12.00
# Visual Studio Version 17
VisualStudioVersion = 17.4.33110.190
MinimumVisualStudioVersion = 10.0.40219.1
Project("{FAE04EC0-301F-11D3-BF4B-00C04F79EFBC}") = "oop-14", "oop-14\oop-14.csproj", "{09910FE5-1A01-4EA6-B56D-883FE3CE53C5}"
EndProject
Global
	GlobalSection(SolutionConfigurationPlatforms) = preSolution
		Debug|Any CPU = Debug|Any CPU
		Release|Any CPU = Release|Any CPU
	EndGlobalSection
	GlobalSection(ProjectConfigurationPlatforms) = postSolution
		{09910FE5-1A01-4EA6-B56D-883FE3CE53C5}.Debug|Any CPU.ActiveCfg = Debug|Any CPU
		{09910FE5-1A01-4EA6-B56D-883FE3CE53C5}.Debug|Any CPU.Build.0 = Debug|Any CPU
		{09910FE5-1A01-4EA6-B56D-883FE3CE53C5}.Release|Any CPU.ActiveCfg = Release|Any CPU
		{09910FE5-1A01-4EA6-B56D-883FE3CE53C5}.Release|Any CPU.Build.0 = Release|Any CPU
	EndGlobalSection
	GlobalSection(SolutionProperties) = preSolution
		HideSolutionNode = FALSE
	EndGlobalSection
	GlobalSection(ExtensibilityGlobals) = postSolution
		SolutionGuid = {A98FCDED-B217-4F60-8F46-83236985186D}
	EndGlobalSection
EndGlobal
