
Microsoft Visual Studio Solution File, Format Version 12.00
# Visual Studio Version 17
VisualStudioVersion = 17.4.33110.190
MinimumVisualStudioVersion = 10.0.40219.1
Project("{FAE04EC0-301F-11D3-BF4B-00C04F79EFBC}") = "oop-11", "oop-11\oop-11.csproj", "{A07645E6-C0D2-40EA-849B-98875E75516D}"
EndProject
Global
	GlobalSection(SolutionConfigurationPlatforms) = preSolution
		Debug|Any CPU = Debug|Any CPU
		Release|Any CPU = Release|Any CPU
	EndGlobalSection
	GlobalSection(ProjectConfigurationPlatforms) = postSolution
		{A07645E6-C0D2-40EA-849B-98875E75516D}.Debug|Any CPU.ActiveCfg = Debug|Any CPU
		{A07645E6-C0D2-40EA-849B-98875E75516D}.Debug|Any CPU.Build.0 = Debug|Any CPU
		{A07645E6-C0D2-40EA-849B-98875E75516D}.Release|Any CPU.ActiveCfg = Release|Any CPU
		{A07645E6-C0D2-40EA-849B-98875E75516D}.Release|Any CPU.Build.0 = Release|Any CPU
	EndGlobalSection
	GlobalSection(SolutionProperties) = preSolution
		HideSolutionNode = FALSE
	EndGlobalSection
	GlobalSection(ExtensibilityGlobals) = postSolution
		SolutionGuid = {685D05D5-EAF6-4C86-BD39-ECDC5C5682F6}
	EndGlobalSection
EndGlobal
