
Microsoft Visual Studio Solution File, Format Version 12.00
# Visual Studio Version 17
VisualStudioVersion = 17.3.32922.545
MinimumVisualStudioVersion = 10.0.40219.1
Project("{FAE04EC0-301F-11D3-BF4B-00C04F79EFBC}") = "oop-08", "oop-08\oop-08.csproj", "{6AF88D55-2D17-4C24-AC10-8618DB271164}"
EndProject
Global
	GlobalSection(SolutionConfigurationPlatforms) = preSolution
		Debug|Any CPU = Debug|Any CPU
		Release|Any CPU = Release|Any CPU
	EndGlobalSection
	GlobalSection(ProjectConfigurationPlatforms) = postSolution
		{6AF88D55-2D17-4C24-AC10-8618DB271164}.Debug|Any CPU.ActiveCfg = Debug|Any CPU
		{6AF88D55-2D17-4C24-AC10-8618DB271164}.Debug|Any CPU.Build.0 = Debug|Any CPU
		{6AF88D55-2D17-4C24-AC10-8618DB271164}.Release|Any CPU.ActiveCfg = Release|Any CPU
		{6AF88D55-2D17-4C24-AC10-8618DB271164}.Release|Any CPU.Build.0 = Release|Any CPU
	EndGlobalSection
	GlobalSection(SolutionProperties) = preSolution
		HideSolutionNode = FALSE
	EndGlobalSection
	GlobalSection(ExtensibilityGlobals) = postSolution
		SolutionGuid = {53ECC31F-AF2F-4831-B00D-02ED00AF8037}
	EndGlobalSection
EndGlobal
